
Microsoft Visual Studio Solution File, Format Version 12.00
# Visual Studio Version 16
VisualStudioVersion = 16.0.29025.244
MinimumVisualStudioVersion = 10.0.40219.1
Project("{FAE04EC0-301F-11D3-BF4B-00C04F79EFBC}") = "Dionys", "Dionys.csproj", "{99069DF2-414B-4540-A2A4-A6EDE04FB2A7}"
EndProject
Global
	GlobalSection(SolutionConfigurationPlatforms) = preSolution
		Debug|Any CPU = Debug|Any CPU
		Release|Any CPU = Release|Any CPU
	EndGlobalSection
	GlobalSection(ProjectConfigurationPlatforms) = postSolution
		{99069DF2-414B-4540-A2A4-A6EDE04FB2A7}.Debug|Any CPU.ActiveCfg = Debug|Any CPU
		{99069DF2-414B-4540-A2A4-A6EDE04FB2A7}.Debug|Any CPU.Build.0 = Debug|Any CPU
		{99069DF2-414B-4540-A2A4-A6EDE04FB2A7}.Release|Any CPU.ActiveCfg = Release|Any CPU
		{99069DF2-414B-4540-A2A4-A6EDE04FB2A7}.Release|Any CPU.Build.0 = Release|Any CPU
	EndGlobalSection
	GlobalSection(SolutionProperties) = preSolution
		HideSolutionNode = FALSE
	EndGlobalSection
	GlobalSection(ExtensibilityGlobals) = postSolution
		SolutionGuid = {80F4F762-5EC7-40D2-8279-DD4B2ED769E1}
	EndGlobalSection
EndGlobal
