
Microsoft Visual Studio Solution File, Format Version 12.00
# Visual Studio Version 16
VisualStudioVersion = 16.0.29025.244
MinimumVisualStudioVersion = 10.0.40219.1
Project("{9A19103F-16F7-4668-BE54-9A1E7A4F7556}") = "Dionys.Tests", "Dionys.Tests\Dionys.Tests.csproj", "{98DCB7C0-A75A-49BD-B505-1DFCAA49FDD7}"
EndProject
Project("{9A19103F-16F7-4668-BE54-9A1E7A4F7556}") = "Dionys", "Dionys\Dionys.csproj", "{00066709-DF9A-4A2F-90B2-D2B7B2479119}"
EndProject
Project("{FAE04EC0-301F-11D3-BF4B-00C04F79EFBC}") = "Dionys.Infrastructure", "Dionys.Infrastructure\Dionys.Infrastructure.csproj", "{12C91809-4699-4DD4-B508-80F0BAAAD8CE}"
EndProject
Project("{2150E333-8FDC-42A3-9474-1A3956D46DE8}") = "Solution Items", "Solution Items", "{957E7FDE-EAAC-4A5B-A436-03147D89510D}"
	ProjectSection(SolutionItems) = preProject
		LICENSE.txt = LICENSE.txt
		README.md = README.md
	EndProjectSection
EndProject
Global
	GlobalSection(SolutionConfigurationPlatforms) = preSolution
		Debug|Any CPU = Debug|Any CPU
		Release|Any CPU = Release|Any CPU
	EndGlobalSection
	GlobalSection(ProjectConfigurationPlatforms) = postSolution
		{98DCB7C0-A75A-49BD-B505-1DFCAA49FDD7}.Debug|Any CPU.ActiveCfg = Debug|Any CPU
		{98DCB7C0-A75A-49BD-B505-1DFCAA49FDD7}.Debug|Any CPU.Build.0 = Debug|Any CPU
		{98DCB7C0-A75A-49BD-B505-1DFCAA49FDD7}.Release|Any CPU.ActiveCfg = Release|Any CPU
		{98DCB7C0-A75A-49BD-B505-1DFCAA49FDD7}.Release|Any CPU.Build.0 = Release|Any CPU
		{00066709-DF9A-4A2F-90B2-D2B7B2479119}.Debug|Any CPU.ActiveCfg = Debug|Any CPU
		{00066709-DF9A-4A2F-90B2-D2B7B2479119}.Debug|Any CPU.Build.0 = Debug|Any CPU
		{00066709-DF9A-4A2F-90B2-D2B7B2479119}.Release|Any CPU.ActiveCfg = Release|Any CPU
		{00066709-DF9A-4A2F-90B2-D2B7B2479119}.Release|Any CPU.Build.0 = Release|Any CPU
		{12C91809-4699-4DD4-B508-80F0BAAAD8CE}.Debug|Any CPU.ActiveCfg = Debug|Any CPU
		{12C91809-4699-4DD4-B508-80F0BAAAD8CE}.Debug|Any CPU.Build.0 = Debug|Any CPU
		{12C91809-4699-4DD4-B508-80F0BAAAD8CE}.Release|Any CPU.ActiveCfg = Release|Any CPU
		{12C91809-4699-4DD4-B508-80F0BAAAD8CE}.Release|Any CPU.Build.0 = Release|Any CPU
	EndGlobalSection
	GlobalSection(SolutionProperties) = preSolution
		HideSolutionNode = FALSE
	EndGlobalSection
	GlobalSection(ExtensibilityGlobals) = postSolution
		SolutionGuid = {80F4F762-5EC7-40D2-8279-DD4B2ED769E1}
	EndGlobalSection
EndGlobal
